
Microsoft Visual Studio Solution File, Format Version 12.00
# Visual Studio 15
VisualStudioVersion = 15.0.26430.15
MinimumVisualStudioVersion = 10.0.40219.1
Project("{FAE04EC0-301F-11D3-BF4B-00C04F79EFBC}") = "ConsoleRPG_DD", "ConsoleRPG_DD\ConsoleRPG_DD.csproj", "{49485127-3BB8-4B8A-A2B2-ECBD7C60D4C3}"
EndProject
Project("{FAE04EC0-301F-11D3-BF4B-00C04F79EFBC}") = "Domain", "Domain\Domain.csproj", "{C4C6EA75-A970-46D6-8764-A54362D04DD4}"
EndProject
Project("{FAE04EC0-301F-11D3-BF4B-00C04F79EFBC}") = "Common", "Common\Common.csproj", "{AE7D1FBF-42D2-4207-A0E4-A31FA38089AD}"
EndProject
Project("{FAE04EC0-301F-11D3-BF4B-00C04F79EFBC}") = "Service", "Service\Service.csproj", "{C540105F-72C3-44A0-8C2C-BAACE7926BB2}"
EndProject
Global
	GlobalSection(SolutionConfigurationPlatforms) = preSolution
		Debug|Any CPU = Debug|Any CPU
		Release|Any CPU = Release|Any CPU
	EndGlobalSection
	GlobalSection(ProjectConfigurationPlatforms) = postSolution
		{49485127-3BB8-4B8A-A2B2-ECBD7C60D4C3}.Debug|Any CPU.ActiveCfg = Debug|Any CPU
		{49485127-3BB8-4B8A-A2B2-ECBD7C60D4C3}.Debug|Any CPU.Build.0 = Debug|Any CPU
		{49485127-3BB8-4B8A-A2B2-ECBD7C60D4C3}.Release|Any CPU.ActiveCfg = Release|Any CPU
		{49485127-3BB8-4B8A-A2B2-ECBD7C60D4C3}.Release|Any CPU.Build.0 = Release|Any CPU
		{C4C6EA75-A970-46D6-8764-A54362D04DD4}.Debug|Any CPU.ActiveCfg = Debug|Any CPU
		{C4C6EA75-A970-46D6-8764-A54362D04DD4}.Debug|Any CPU.Build.0 = Debug|Any CPU
		{C4C6EA75-A970-46D6-8764-A54362D04DD4}.Release|Any CPU.ActiveCfg = Release|Any CPU
		{C4C6EA75-A970-46D6-8764-A54362D04DD4}.Release|Any CPU.Build.0 = Release|Any CPU
		{AE7D1FBF-42D2-4207-A0E4-A31FA38089AD}.Debug|Any CPU.ActiveCfg = Debug|Any CPU
		{AE7D1FBF-42D2-4207-A0E4-A31FA38089AD}.Debug|Any CPU.Build.0 = Debug|Any CPU
		{AE7D1FBF-42D2-4207-A0E4-A31FA38089AD}.Release|Any CPU.ActiveCfg = Release|Any CPU
		{AE7D1FBF-42D2-4207-A0E4-A31FA38089AD}.Release|Any CPU.Build.0 = Release|Any CPU
		{C540105F-72C3-44A0-8C2C-BAACE7926BB2}.Debug|Any CPU.ActiveCfg = Debug|Any CPU
		{C540105F-72C3-44A0-8C2C-BAACE7926BB2}.Debug|Any CPU.Build.0 = Debug|Any CPU
		{C540105F-72C3-44A0-8C2C-BAACE7926BB2}.Release|Any CPU.ActiveCfg = Release|Any CPU
		{C540105F-72C3-44A0-8C2C-BAACE7926BB2}.Release|Any CPU.Build.0 = Release|Any CPU
	EndGlobalSection
	GlobalSection(SolutionProperties) = preSolution
		HideSolutionNode = FALSE
	EndGlobalSection
EndGlobal
